
Microsoft Visual Studio Solution File, Format Version 12.00
# Visual Studio Version 16
VisualStudioVersion = 16.0.30621.155
MinimumVisualStudioVersion = 10.0.40219.1
Project("{FAE04EC0-301F-11D3-BF4B-00C04F79EFBC}") = "ConsoleUI", "ConsoleUI\ConsoleUI.csproj", "{B53CEE51-10EC-4A9B-B638-5DD59DAB8D90}"
EndProject
Global
	GlobalSection(SolutionConfigurationPlatforms) = preSolution
		Debug|Any CPU = Debug|Any CPU
		Release|Any CPU = Release|Any CPU
	EndGlobalSection
	GlobalSection(ProjectConfigurationPlatforms) = postSolution
		{B53CEE51-10EC-4A9B-B638-5DD59DAB8D90}.Debug|Any CPU.ActiveCfg = Debug|Any CPU
		{B53CEE51-10EC-4A9B-B638-5DD59DAB8D90}.Debug|Any CPU.Build.0 = Debug|Any CPU
		{B53CEE51-10EC-4A9B-B638-5DD59DAB8D90}.Release|Any CPU.ActiveCfg = Release|Any CPU
		{B53CEE51-10EC-4A9B-B638-5DD59DAB8D90}.Release|Any CPU.Build.0 = Release|Any CPU
	EndGlobalSection
	GlobalSection(SolutionProperties) = preSolution
		HideSolutionNode = FALSE
	EndGlobalSection
	GlobalSection(ExtensibilityGlobals) = postSolution
		SolutionGuid = {1D8466AA-D724-45DC-8B10-397788B0C280}
	EndGlobalSection
EndGlobal
